
Microsoft Visual Studio Solution File, Format Version 12.00
# Visual Studio Version 16
VisualStudioVersion = 16.0.32630.194
MinimumVisualStudioVersion = 10.0.40219.1
Project("{FAE04EC0-301F-11D3-BF4B-00C04F79EFBC}") = "task_6.1", "task_6.1.csproj", "{9840B2AB-508B-46D2-8811-C4D4EBBDDC3C}"
EndProject
Global
	GlobalSection(SolutionConfigurationPlatforms) = preSolution
		Debug|Any CPU = Debug|Any CPU
		Release|Any CPU = Release|Any CPU
	EndGlobalSection
	GlobalSection(ProjectConfigurationPlatforms) = postSolution
		{9840B2AB-508B-46D2-8811-C4D4EBBDDC3C}.Debug|Any CPU.ActiveCfg = Debug|Any CPU
		{9840B2AB-508B-46D2-8811-C4D4EBBDDC3C}.Debug|Any CPU.Build.0 = Debug|Any CPU
		{9840B2AB-508B-46D2-8811-C4D4EBBDDC3C}.Release|Any CPU.ActiveCfg = Release|Any CPU
		{9840B2AB-508B-46D2-8811-C4D4EBBDDC3C}.Release|Any CPU.Build.0 = Release|Any CPU
	EndGlobalSection
	GlobalSection(SolutionProperties) = preSolution
		HideSolutionNode = FALSE
	EndGlobalSection
	GlobalSection(ExtensibilityGlobals) = postSolution
		SolutionGuid = {3ADEFBCF-A6E5-4A5B-8B88-E349D81DDDDA}
	EndGlobalSection
EndGlobal
